
Microsoft Visual Studio Solution File, Format Version 12.00
# Visual Studio Version 17
VisualStudioVersion = 17.9.34622.214
MinimumVisualStudioVersion = 10.0.40219.1
Project("{FAE04EC0-301F-11D3-BF4B-00C04F79EFBC}") = "Ex1", "Ex1\Ex1.csproj", "{438779F5-EC1F-4C80-8280-D4949137F54B}"
EndProject
Global
	GlobalSection(SolutionConfigurationPlatforms) = preSolution
		Debug|Any CPU = Debug|Any CPU
		Release|Any CPU = Release|Any CPU
	EndGlobalSection
	GlobalSection(ProjectConfigurationPlatforms) = postSolution
		{438779F5-EC1F-4C80-8280-D4949137F54B}.Debug|Any CPU.ActiveCfg = Debug|Any CPU
		{438779F5-EC1F-4C80-8280-D4949137F54B}.Debug|Any CPU.Build.0 = Debug|Any CPU
		{438779F5-EC1F-4C80-8280-D4949137F54B}.Release|Any CPU.ActiveCfg = Release|Any CPU
		{438779F5-EC1F-4C80-8280-D4949137F54B}.Release|Any CPU.Build.0 = Release|Any CPU
	EndGlobalSection
	GlobalSection(SolutionProperties) = preSolution
		HideSolutionNode = FALSE
	EndGlobalSection
	GlobalSection(ExtensibilityGlobals) = postSolution
		SolutionGuid = {78510936-2487-4F63-96A4-2F2E594C5FC4}
	EndGlobalSection
EndGlobal
