
Microsoft Visual Studio Solution File, Format Version 12.00
# Visual Studio Version 17
VisualStudioVersion = 17.9.34622.214
MinimumVisualStudioVersion = 10.0.40219.1
Project("{FAE04EC0-301F-11D3-BF4B-00C04F79EFBC}") = "Ex7", "Ex7\Ex7.csproj", "{183566B6-B604-4049-A12F-DBF30C666884}"
EndProject
Global
	GlobalSection(SolutionConfigurationPlatforms) = preSolution
		Debug|Any CPU = Debug|Any CPU
		Release|Any CPU = Release|Any CPU
	EndGlobalSection
	GlobalSection(ProjectConfigurationPlatforms) = postSolution
		{183566B6-B604-4049-A12F-DBF30C666884}.Debug|Any CPU.ActiveCfg = Debug|Any CPU
		{183566B6-B604-4049-A12F-DBF30C666884}.Debug|Any CPU.Build.0 = Debug|Any CPU
		{183566B6-B604-4049-A12F-DBF30C666884}.Release|Any CPU.ActiveCfg = Release|Any CPU
		{183566B6-B604-4049-A12F-DBF30C666884}.Release|Any CPU.Build.0 = Release|Any CPU
	EndGlobalSection
	GlobalSection(SolutionProperties) = preSolution
		HideSolutionNode = FALSE
	EndGlobalSection
	GlobalSection(ExtensibilityGlobals) = postSolution
		SolutionGuid = {49CE8148-141B-4477-BC55-65A200601146}
	EndGlobalSection
EndGlobal
