
Microsoft Visual Studio Solution File, Format Version 12.00
# Visual Studio Version 17
VisualStudioVersion = 17.9.34622.214
MinimumVisualStudioVersion = 10.0.40219.1
Project("{FAE04EC0-301F-11D3-BF4B-00C04F79EFBC}") = "TesteWhile3", "TesteWhile3\TesteWhile3.csproj", "{CB17FEA8-390A-4687-A646-3700E06CBCAF}"
EndProject
Global
	GlobalSection(SolutionConfigurationPlatforms) = preSolution
		Debug|Any CPU = Debug|Any CPU
		Release|Any CPU = Release|Any CPU
	EndGlobalSection
	GlobalSection(ProjectConfigurationPlatforms) = postSolution
		{CB17FEA8-390A-4687-A646-3700E06CBCAF}.Debug|Any CPU.ActiveCfg = Debug|Any CPU
		{CB17FEA8-390A-4687-A646-3700E06CBCAF}.Debug|Any CPU.Build.0 = Debug|Any CPU
		{CB17FEA8-390A-4687-A646-3700E06CBCAF}.Release|Any CPU.ActiveCfg = Release|Any CPU
		{CB17FEA8-390A-4687-A646-3700E06CBCAF}.Release|Any CPU.Build.0 = Release|Any CPU
	EndGlobalSection
	GlobalSection(SolutionProperties) = preSolution
		HideSolutionNode = FALSE
	EndGlobalSection
	GlobalSection(ExtensibilityGlobals) = postSolution
		SolutionGuid = {815756DC-2A40-4442-BB57-AA6539FC7512}
	EndGlobalSection
EndGlobal
