
Microsoft Visual Studio Solution File, Format Version 12.00
# Visual Studio Version 17
VisualStudioVersion = 17.9.34622.214
MinimumVisualStudioVersion = 10.0.40219.1
Project("{FAE04EC0-301F-11D3-BF4B-00C04F79EFBC}") = "Teste7", "Teste7\Teste7.csproj", "{B3042380-E8F5-48B4-8E5B-235BDF3872D6}"
EndProject
Global
	GlobalSection(SolutionConfigurationPlatforms) = preSolution
		Debug|Any CPU = Debug|Any CPU
		Release|Any CPU = Release|Any CPU
	EndGlobalSection
	GlobalSection(ProjectConfigurationPlatforms) = postSolution
		{B3042380-E8F5-48B4-8E5B-235BDF3872D6}.Debug|Any CPU.ActiveCfg = Debug|Any CPU
		{B3042380-E8F5-48B4-8E5B-235BDF3872D6}.Debug|Any CPU.Build.0 = Debug|Any CPU
		{B3042380-E8F5-48B4-8E5B-235BDF3872D6}.Release|Any CPU.ActiveCfg = Release|Any CPU
		{B3042380-E8F5-48B4-8E5B-235BDF3872D6}.Release|Any CPU.Build.0 = Release|Any CPU
	EndGlobalSection
	GlobalSection(SolutionProperties) = preSolution
		HideSolutionNode = FALSE
	EndGlobalSection
	GlobalSection(ExtensibilityGlobals) = postSolution
		SolutionGuid = {7A5D24F4-4BF1-4DE4-B217-CDE69EE7D692}
	EndGlobalSection
EndGlobal
