
Microsoft Visual Studio Solution File, Format Version 12.00
# Visual Studio Version 17
VisualStudioVersion = 17.9.34622.214
MinimumVisualStudioVersion = 10.0.40219.1
Project("{FAE04EC0-301F-11D3-BF4B-00C04F79EFBC}") = "Teste5", "Teste5\Teste5.csproj", "{E31A9E2C-D801-4892-B5A4-B7403ACD0514}"
EndProject
Global
	GlobalSection(SolutionConfigurationPlatforms) = preSolution
		Debug|Any CPU = Debug|Any CPU
		Release|Any CPU = Release|Any CPU
	EndGlobalSection
	GlobalSection(ProjectConfigurationPlatforms) = postSolution
		{E31A9E2C-D801-4892-B5A4-B7403ACD0514}.Debug|Any CPU.ActiveCfg = Debug|Any CPU
		{E31A9E2C-D801-4892-B5A4-B7403ACD0514}.Debug|Any CPU.Build.0 = Debug|Any CPU
		{E31A9E2C-D801-4892-B5A4-B7403ACD0514}.Release|Any CPU.ActiveCfg = Release|Any CPU
		{E31A9E2C-D801-4892-B5A4-B7403ACD0514}.Release|Any CPU.Build.0 = Release|Any CPU
	EndGlobalSection
	GlobalSection(SolutionProperties) = preSolution
		HideSolutionNode = FALSE
	EndGlobalSection
	GlobalSection(ExtensibilityGlobals) = postSolution
		SolutionGuid = {53102CFF-028B-410D-9109-2A24C6E73EDF}
	EndGlobalSection
EndGlobal
