
Microsoft Visual Studio Solution File, Format Version 12.00
# Visual Studio Version 17
VisualStudioVersion = 17.9.34622.214
MinimumVisualStudioVersion = 10.0.40219.1
Project("{FAE04EC0-301F-11D3-BF4B-00C04F79EFBC}") = "Ex3", "Ex3\Ex3.csproj", "{122C9035-E20B-4827-876F-E8B293E8E23A}"
EndProject
Global
	GlobalSection(SolutionConfigurationPlatforms) = preSolution
		Debug|Any CPU = Debug|Any CPU
		Release|Any CPU = Release|Any CPU
	EndGlobalSection
	GlobalSection(ProjectConfigurationPlatforms) = postSolution
		{122C9035-E20B-4827-876F-E8B293E8E23A}.Debug|Any CPU.ActiveCfg = Debug|Any CPU
		{122C9035-E20B-4827-876F-E8B293E8E23A}.Debug|Any CPU.Build.0 = Debug|Any CPU
		{122C9035-E20B-4827-876F-E8B293E8E23A}.Release|Any CPU.ActiveCfg = Release|Any CPU
		{122C9035-E20B-4827-876F-E8B293E8E23A}.Release|Any CPU.Build.0 = Release|Any CPU
	EndGlobalSection
	GlobalSection(SolutionProperties) = preSolution
		HideSolutionNode = FALSE
	EndGlobalSection
	GlobalSection(ExtensibilityGlobals) = postSolution
		SolutionGuid = {770BE0C8-A1C6-4FEC-AB9F-4323ADB13A9A}
	EndGlobalSection
EndGlobal
