
Microsoft Visual Studio Solution File, Format Version 12.00
# Visual Studio Version 17
VisualStudioVersion = 17.9.34622.214
MinimumVisualStudioVersion = 10.0.40219.1
Project("{FAE04EC0-301F-11D3-BF4B-00C04F79EFBC}") = "Inventário", "Invertário\Inventário.csproj", "{E9E5D7BF-0616-4100-A954-45D486CA3CDC}"
EndProject
Global
	GlobalSection(SolutionConfigurationPlatforms) = preSolution
		Debug|Any CPU = Debug|Any CPU
		Release|Any CPU = Release|Any CPU
	EndGlobalSection
	GlobalSection(ProjectConfigurationPlatforms) = postSolution
		{E9E5D7BF-0616-4100-A954-45D486CA3CDC}.Debug|Any CPU.ActiveCfg = Debug|Any CPU
		{E9E5D7BF-0616-4100-A954-45D486CA3CDC}.Debug|Any CPU.Build.0 = Debug|Any CPU
		{E9E5D7BF-0616-4100-A954-45D486CA3CDC}.Release|Any CPU.ActiveCfg = Release|Any CPU
		{E9E5D7BF-0616-4100-A954-45D486CA3CDC}.Release|Any CPU.Build.0 = Release|Any CPU
	EndGlobalSection
	GlobalSection(SolutionProperties) = preSolution
		HideSolutionNode = FALSE
	EndGlobalSection
	GlobalSection(ExtensibilityGlobals) = postSolution
		SolutionGuid = {4412A9BE-9A1D-47C5-A2A7-F42382883778}
	EndGlobalSection
EndGlobal
