
Microsoft Visual Studio Solution File, Format Version 12.00
# Visual Studio Version 17
VisualStudioVersion = 17.9.34622.214
MinimumVisualStudioVersion = 10.0.40219.1
Project("{FAE04EC0-301F-11D3-BF4B-00C04F79EFBC}") = "Ex48", "Ex48\Ex48.csproj", "{B58301AD-7AAA-49CE-A4B4-5468C5F018CA}"
EndProject
Global
	GlobalSection(SolutionConfigurationPlatforms) = preSolution
		Debug|Any CPU = Debug|Any CPU
		Release|Any CPU = Release|Any CPU
	EndGlobalSection
	GlobalSection(ProjectConfigurationPlatforms) = postSolution
		{B58301AD-7AAA-49CE-A4B4-5468C5F018CA}.Debug|Any CPU.ActiveCfg = Debug|Any CPU
		{B58301AD-7AAA-49CE-A4B4-5468C5F018CA}.Debug|Any CPU.Build.0 = Debug|Any CPU
		{B58301AD-7AAA-49CE-A4B4-5468C5F018CA}.Release|Any CPU.ActiveCfg = Release|Any CPU
		{B58301AD-7AAA-49CE-A4B4-5468C5F018CA}.Release|Any CPU.Build.0 = Release|Any CPU
	EndGlobalSection
	GlobalSection(SolutionProperties) = preSolution
		HideSolutionNode = FALSE
	EndGlobalSection
	GlobalSection(ExtensibilityGlobals) = postSolution
		SolutionGuid = {33AFF85E-3162-40FC-88F8-493826E808F9}
	EndGlobalSection
EndGlobal
