
Microsoft Visual Studio Solution File, Format Version 12.00
# Visual Studio Version 17
VisualStudioVersion = 17.9.34622.214
MinimumVisualStudioVersion = 10.0.40219.1
Project("{FAE04EC0-301F-11D3-BF4B-00C04F79EFBC}") = "Ex45", "Ex45\Ex45.csproj", "{C5719103-D063-4160-A586-0C22AB0B5AB3}"
EndProject
Global
	GlobalSection(SolutionConfigurationPlatforms) = preSolution
		Debug|Any CPU = Debug|Any CPU
		Release|Any CPU = Release|Any CPU
	EndGlobalSection
	GlobalSection(ProjectConfigurationPlatforms) = postSolution
		{C5719103-D063-4160-A586-0C22AB0B5AB3}.Debug|Any CPU.ActiveCfg = Debug|Any CPU
		{C5719103-D063-4160-A586-0C22AB0B5AB3}.Debug|Any CPU.Build.0 = Debug|Any CPU
		{C5719103-D063-4160-A586-0C22AB0B5AB3}.Release|Any CPU.ActiveCfg = Release|Any CPU
		{C5719103-D063-4160-A586-0C22AB0B5AB3}.Release|Any CPU.Build.0 = Release|Any CPU
	EndGlobalSection
	GlobalSection(SolutionProperties) = preSolution
		HideSolutionNode = FALSE
	EndGlobalSection
	GlobalSection(ExtensibilityGlobals) = postSolution
		SolutionGuid = {F23DDCCA-AFBB-4D74-AC1C-A08C198B1418}
	EndGlobalSection
EndGlobal
