
Microsoft Visual Studio Solution File, Format Version 12.00
# Visual Studio Version 17
VisualStudioVersion = 17.9.34622.214
MinimumVisualStudioVersion = 10.0.40219.1
Project("{FAE04EC0-301F-11D3-BF4B-00C04F79EFBC}") = "Ex67", "Ex67\Ex67.csproj", "{F0E22DA5-AF06-453B-ABDD-6B38C6D82F16}"
EndProject
Global
	GlobalSection(SolutionConfigurationPlatforms) = preSolution
		Debug|Any CPU = Debug|Any CPU
		Release|Any CPU = Release|Any CPU
	EndGlobalSection
	GlobalSection(ProjectConfigurationPlatforms) = postSolution
		{F0E22DA5-AF06-453B-ABDD-6B38C6D82F16}.Debug|Any CPU.ActiveCfg = Debug|Any CPU
		{F0E22DA5-AF06-453B-ABDD-6B38C6D82F16}.Debug|Any CPU.Build.0 = Debug|Any CPU
		{F0E22DA5-AF06-453B-ABDD-6B38C6D82F16}.Release|Any CPU.ActiveCfg = Release|Any CPU
		{F0E22DA5-AF06-453B-ABDD-6B38C6D82F16}.Release|Any CPU.Build.0 = Release|Any CPU
	EndGlobalSection
	GlobalSection(SolutionProperties) = preSolution
		HideSolutionNode = FALSE
	EndGlobalSection
	GlobalSection(ExtensibilityGlobals) = postSolution
		SolutionGuid = {981D056A-6C55-4EA2-AF14-3020343E658A}
	EndGlobalSection
EndGlobal
