
Microsoft Visual Studio Solution File, Format Version 12.00
# Visual Studio Version 17
VisualStudioVersion = 17.9.34622.214
MinimumVisualStudioVersion = 10.0.40219.1
Project("{FAE04EC0-301F-11D3-BF4B-00C04F79EFBC}") = "Ex4", "Ex4\Ex4.csproj", "{15B59CBA-AA54-4CA0-965E-87522ABA812C}"
EndProject
Global
	GlobalSection(SolutionConfigurationPlatforms) = preSolution
		Debug|Any CPU = Debug|Any CPU
		Release|Any CPU = Release|Any CPU
	EndGlobalSection
	GlobalSection(ProjectConfigurationPlatforms) = postSolution
		{15B59CBA-AA54-4CA0-965E-87522ABA812C}.Debug|Any CPU.ActiveCfg = Debug|Any CPU
		{15B59CBA-AA54-4CA0-965E-87522ABA812C}.Debug|Any CPU.Build.0 = Debug|Any CPU
		{15B59CBA-AA54-4CA0-965E-87522ABA812C}.Release|Any CPU.ActiveCfg = Release|Any CPU
		{15B59CBA-AA54-4CA0-965E-87522ABA812C}.Release|Any CPU.Build.0 = Release|Any CPU
	EndGlobalSection
	GlobalSection(SolutionProperties) = preSolution
		HideSolutionNode = FALSE
	EndGlobalSection
	GlobalSection(ExtensibilityGlobals) = postSolution
		SolutionGuid = {2C89DAED-0211-4CBF-99B3-2846E03B48F6}
	EndGlobalSection
EndGlobal
